{
    "_meta": {
        "hash": {
            "sha256": "63c6e4974c3339a1623af253317e0c6b973c7616a3f441c92ccc0326ef5745a7"
        },
        "pipfile-spec": 6,
        "requires": {
            "python_version": "3"
        },
        "sources": [
            {
                "name": "pypi",
                "url": "https://pypi.org/simple",
                "verify_ssl": true
            }
        ]
    },
    "default": {
        "pyfiglet": {
            "hashes": [
                "sha256:c6c2321755d09267b438ec7b936825a4910fec696292139e664ca8670e103639",
                "sha256:d555bcea17fbeaf70eaefa48bb119352487e629c9b56f30f383e2c62dd67a01c"
            ],
            "index": "pypi",
            "version": "==0.8.post1"
        },
        "style": {
            "hashes": [
                "sha256:48deb552717e4a38e607e5c667b89f07f4eca5bce94dbaabb66707bf395a2eb6",
                "sha256:d0ad01f3688b83e7fcbb305123df26f7018adf41babe2c12e4b9a68d4e598eb5"
            ],
            "index": "pypi",
            "version": "==1.1.6"
        }
    },
    "develop": {}
}
